// !$*UTF8*$!
{
	archiveVersion = 1;
	classes = {
	};
	objectVersion = 56;
	objects = {

/* Begin PBXBuildFile section */
		5FA1545C2B4D9B00007082D2 /* AppDelegate.swift in Sources */ = {isa = PBXBuildFile; fileRef = 5FA1545B2B4D9B00007082D2 /* AppDelegate.swift */; };
		5FA1545E2B4D9B00007082D2 /* SceneDelegate.swift in Sources */ = {isa = PBXBuildFile; fileRef = 5FA1545D2B4D9B00007082D2 /* SceneDelegate.swift */; };
		5FA154602B4D9B00007082D2 /* ViewController.swift in Sources */ = {isa = PBXBuildFile; fileRef = 5FA1545F2B4D9B00007082D2 /* ViewController.swift */; };
		5FA154632B4D9B00007082D2 /* Main.storyboard in Resources */ = {isa = PBXBuildFile; fileRef = 5FA154612B4D9B00007082D2 /* Main.storyboard */; };
		5FA154652B4D9B02007082D2 /* Assets.xcassets in Resources */ = {isa = PBXBuildFile; fileRef = 5FA154642B4D9B02007082D2 /* Assets.xcassets */; };
		5FA154682B4D9B02007082D2 /* LaunchScreen.storyboard in Resources */ = {isa = PBXBuildFile; fileRef = 5FA154662B4D9B02007082D2 /* LaunchScreen.storyboard */; };
		5FA154732B4D9B02007082D2 /* traffic_seguesTests.swift in Sources */ = {isa = PBXBuildFile; fileRef = 5FA154722B4D9B02007082D2 /* traffic_seguesTests.swift */; };
		5FA1547D2B4D9B02007082D2 /* traffic_seguesUITests.swift in Sources */ = {isa = PBXBuildFile; fileRef = 5FA1547C2B4D9B02007082D2 /* traffic_seguesUITests.swift */; };
		5FA1547F2B4D9B02007082D2 /* traffic_seguesUITestsLaunchTests.swift in Sources */ = {isa = PBXBuildFile; fileRef = 5FA1547E2B4D9B02007082D2 /* traffic_seguesUITestsLaunchTests.swift */; };
/* End PBXBuildFile section */

/* Begin PBXContainerItemProxy section */
		5FA1546F2B4D9B02007082D2 /* PBXContainerItemProxy */ = {
			isa = PBXContainerItemProxy;
			containerPortal = 5FA154502B4D9B00007082D2 /* Project object */;
			proxyType = 1;
			remoteGlobalIDString = 5FA154572B4D9B00007082D2;
			remoteInfo = "traffic-segues";
		};
		5FA154792B4D9B02007082D2 /* PBXContainerItemProxy */ = {
			isa = PBXContainerItemProxy;
			containerPortal = 5FA154502B4D9B00007082D2 /* Project object */;
			proxyType = 1;
			remoteGlobalIDString = 5FA154572B4D9B00007082D2;
			remoteInfo = "traffic-segues";
		};
/* End PBXContainerItemProxy section */

/* Begin PBXFileReference section */
		5FA154582B4D9B00007082D2 /* traffic-segues.app */ = {isa = PBXFileReference; explicitFileType = wrapper.application; includeInIndex = 0; path = "traffic-segues.app"; sourceTree = BUILT_PRODUCTS_DIR; };
		5FA1545B2B4D9B00007082D2 /* AppDelegate.swift */ = {isa = PBXFileReference; lastKnownFileType = sourcecode.swift; path = AppDelegate.swift; sourceTree = "<group>"; };
		5FA1545D2B4D9B00007082D2 /* SceneDelegate.swift */ = {isa = PBXFileReference; lastKnownFileType = sourcecode.swift; path = SceneDelegate.swift; sourceTree = "<group>"; };
		5FA1545F2B4D9B00007082D2 /* ViewController.swift */ = {isa = PBXFileReference; lastKnownFileType = sourcecode.swift; path = ViewController.swift; sourceTree = "<group>"; };
		5FA154622B4D9B00007082D2 /* Base */ = {isa = PBXFileReference; lastKnownFileType = file.storyboard; name = Base; path = Base.lproj/Main.storyboard; sourceTree = "<group>"; };
		5FA154642B4D9B02007082D2 /* Assets.xcassets */ = {isa = PBXFileReference; lastKnownFileType = folder.assetcatalog; path = Assets.xcassets; sourceTree = "<group>"; };
		5FA154672B4D9B02007082D2 /* Base */ = {isa = PBXFileReference; lastKnownFileType = file.storyboard; name = Base; path = Base.lproj/LaunchScreen.storyboard; sourceTree = "<group>"; };
		5FA154692B4D9B02007082D2 /* Info.plist */ = {isa = PBXFileReference; lastKnownFileType = text.plist.xml; path = Info.plist; sourceTree = "<group>"; };
		5FA1546E2B4D9B02007082D2 /* traffic-seguesTests.xctest */ = {isa = PBXFileReference; explicitFileType = wrapper.cfbundle; includeInIndex = 0; path = "traffic-seguesTests.xctest"; sourceTree = BUILT_PRODUCTS_DIR; };
		5FA154722B4D9B02007082D2 /* traffic_seguesTests.swift */ = {isa = PBXFileReference; lastKnownFileType = sourcecode.swift; path = traffic_seguesTests.swift; sourceTree = "<group>"; };
		5FA154782B4D9B02007082D2 /* traffic-seguesUITests.xctest */ = {isa = PBXFileReference; explicitFileType = wrapper.cfbundle; includeInIndex = 0; path = "traffic-seguesUITests.xctest"; sourceTree = BUILT_PRODUCTS_DIR; };
		5FA1547C2B4D9B02007082D2 /* traffic_seguesUITests.swift */ = {isa = PBXFileReference; lastKnownFileType = sourcecode.swift; path = traffic_seguesUITests.swift; sourceTree = "<group>"; };
		5FA1547E2B4D9B02007082D2 /* traffic_seguesUITestsLaunchTests.swift */ = {isa = PBXFileReference; lastKnownFileType = sourcecode.swift; path = traffic_seguesUITestsLaunchTests.swift; sourceTree = "<group>"; };
/* End PBXFileReference section */

/* Begin PBXFrameworksBuildPhase section */
		5FA154552B4D9B00007082D2 /* Frameworks */ = {
			isa = PBXFrameworksBuildPhase;
			buildActionMask = 2147483647;
			files = (
			);
			runOnlyForDeploymentPostprocessing = 0;
		};
		5FA1546B2B4D9B02007082D2 /* Frameworks */ = {
			isa = PBXFrameworksBuildPhase;
			buildActionMask = 2147483647;
			files = (
			);
			runOnlyForDeploymentPostprocessing = 0;
		};
		5FA154752B4D9B02007082D2 /* Frameworks */ = {
			isa = PBXFrameworksBuildPhase;
			buildActionMask = 2147483647;
			files = (
			);
			runOnlyForDeploymentPostprocessing = 0;
		};
/* End PBXFrameworksBuildPhase section */

/* Begin PBXGroup section */
		5FA1544F2B4D9B00007082D2 = {
			isa = PBXGroup;
			children = (
				5FA1545A2B4D9B00007082D2 /* traffic-segues */,
				5FA154712B4D9B02007082D2 /* traffic-seguesTests */,
				5FA1547B2B4D9B02007082D2 /* traffic-seguesUITests */,
				5FA154592B4D9B00007082D2 /* Products */,
			);
			sourceTree = "<group>";
		};
		5FA154592B4D9B00007082D2 /* Products */ = {
			isa = PBXGroup;
			children = (
				5FA154582B4D9B00007082D2 /* traffic-segues.app */,
				5FA1546E2B4D9B02007082D2 /* traffic-seguesTests.xctest */,
				5FA154782B4D9B02007082D2 /* traffic-seguesUITests.xctest */,
			);
			name = Products;
			sourceTree = "<group>";
		};
		5FA1545A2B4D9B00007082D2 /* traffic-segues */ = {
			isa = PBXGroup;
			children = (
				5FA1545B2B4D9B00007082D2 /* AppDelegate.swift */,
				5FA1545D2B4D9B00007082D2 /* SceneDelegate.swift */,
				5FA1545F2B4D9B00007082D2 /* ViewController.swift */,
				5FA154612B4D9B00007082D2 /* Main.storyboard */,
				5FA154642B4D9B02007082D2 /* Assets.xcassets */,
				5FA154662B4D9B02007082D2 /* LaunchScreen.storyboard */,
				5FA154692B4D9B02007082D2 /* Info.plist */,
			);
			path = "traffic-segues";
			sourceTree = "<group>";
		};
		5FA154712B4D9B02007082D2 /* traffic-seguesTests */ = {
			isa = PBXGroup;
			children = (
				5FA154722B4D9B02007082D2 /* traffic_seguesTests.swift */,
			);
			path = "traffic-seguesTests";
			sourceTree = "<group>";
		};
		5FA1547B2B4D9B02007082D2 /* traffic-seguesUITests */ = {
			isa = PBXGroup;
			children = (
				5FA1547C2B4D9B02007082D2 /* traffic_seguesUITests.swift */,
				5FA1547E2B4D9B02007082D2 /* traffic_seguesUITestsLaunchTests.swift */,
			);
			path = "traffic-seguesUITests";
			sourceTree = "<group>";
		};
/* End PBXGroup section */

/* Begin PBXNativeTarget section */
		5FA154572B4D9B00007082D2 /* traffic-segues */ = {
			isa = PBXNativeTarget;
			buildConfigurationList = 5FA154822B4D9B02007082D2 /* Build configuration list for PBXNativeTarget "traffic-segues" */;
			buildPhases = (
				5FA154542B4D9B00007082D2 /* Sources */,
				5FA154552B4D9B00007082D2 /* Frameworks */,
				5FA154562B4D9B00007082D2 /* Resources */,
			);
			buildRules = (
			);
			dependencies = (
			);
			name = "traffic-segues";
			productName = "traffic-segues";
			productReference = 5FA154582B4D9B00007082D2 /* traffic-segues.app */;
			productType = "com.apple.product-type.application";
		};
		5FA1546D2B4D9B02007082D2 /* traffic-seguesTests */ = {
			isa = PBXNativeTarget;
			buildConfigurationList = 5FA154852B4D9B02007082D2 /* Build configuration list for PBXNativeTarget "traffic-seguesTests" */;
			buildPhases = (
				5FA1546A2B4D9B02007082D2 /* Sources */,
				5FA1546B2B4D9B02007082D2 /* Frameworks */,
				5FA1546C2B4D9B02007082D2 /* Resources */,
			);
			buildRules = (
			);
			dependencies = (
				5FA154702B4D9B02007082D2 /* PBXTargetDependency */,
			);
			name = "traffic-seguesTests";
			productName = "traffic-seguesTests";
			productReference = 5FA1546E2B4D9B02007082D2 /* traffic-seguesTests.xctest */;
			productType = "com.apple.product-type.bundle.unit-test";
		};
		5FA154772B4D9B02007082D2 /* traffic-seguesUITests */ = {
			isa = PBXNativeTarget;
			buildConfigurationList = 5FA154882B4D9B02007082D2 /* Build configuration list for PBXNativeTarget "traffic-seguesUITests" */;
			buildPhases = (
				5FA154742B4D9B02007082D2 /* Sources */,
				5FA154752B4D9B02007082D2 /* Frameworks */,
				5FA154762B4D9B02007082D2 /* Resources */,
			);
			buildRules = (
			);
			dependencies = (
				5FA1547A2B4D9B02007082D2 /* PBXTargetDependency */,
			);
			name = "traffic-seguesUITests";
			productName = "traffic-seguesUITests";
			productReference = 5FA154782B4D9B02007082D2 /* traffic-seguesUITests.xctest */;
			productType = "com.apple.product-type.bundle.ui-testing";
		};
/* End PBXNativeTarget section */

/* Begin PBXProject section */
		5FA154502B4D9B00007082D2 /* Project object */ = {
			isa = PBXProject;
			attributes = {
				BuildIndependentTargetsInParallel = 1;
				LastSwiftUpdateCheck = 1430;
				LastUpgradeCheck = 1430;
				TargetAttributes = {
					5FA154572B4D9B00007082D2 = {
						CreatedOnToolsVersion = 14.3.1;
					};
					5FA1546D2B4D9B02007082D2 = {
						CreatedOnToolsVersion = 14.3.1;
						TestTargetID = 5FA154572B4D9B00007082D2;
					};
					5FA154772B4D9B02007082D2 = {
						CreatedOnToolsVersion = 14.3.1;
						TestTargetID = 5FA154572B4D9B00007082D2;
					};
				};
			};
			buildConfigurationList = 5FA154532B4D9B00007082D2 /* Build configuration list for PBXProject "traffic-segues" */;
			compatibilityVersion = "Xcode 14.0";
			developmentRegion = en;
			hasScannedForEncodings = 0;
			knownRegions = (
				en,
				Base,
			);
			mainGroup = 5FA1544F2B4D9B00007082D2;
			productRefGroup = 5FA154592B4D9B00007082D2 /* Products */;
			projectDirPath = "";
			projectRoot = "";
			targets = (
				5FA154572B4D9B00007082D2 /* traffic-segues */,
				5FA1546D2B4D9B02007082D2 /* traffic-seguesTests */,
				5FA154772B4D9B02007082D2 /* traffic-seguesUITests */,
			);
		};
/* End PBXProject section */

/* Begin PBXResourcesBuildPhase section */
		5FA154562B4D9B00007082D2 /* Resources */ = {
			isa = PBXResourcesBuildPhase;
			buildActionMask = 2147483647;
			files = (
				5FA154682B4D9B02007082D2 /* LaunchScreen.storyboard in Resources */,
				5FA154652B4D9B02007082D2 /* Assets.xcassets in Resources */,
				5FA154632B4D9B00007082D2 /* Main.storyboard in Resources */,
			);
			runOnlyForDeploymentPostprocessing = 0;
		};
		5FA1546C2B4D9B02007082D2 /* Resources */ = {
			isa = PBXResourcesBuildPhase;
			buildActionMask = 2147483647;
			files = (
			);
			runOnlyForDeploymentPostprocessing = 0;
		};
		5FA154762B4D9B02007082D2 /* Resources */ = {
			isa = PBXResourcesBuildPhase;
			buildActionMask = 2147483647;
			files = (
			);
			runOnlyForDeploymentPostprocessing = 0;
		};
/* End PBXResourcesBuildPhase section */

/* Begin PBXSourcesBuildPhase section */
		5FA154542B4D9B00007082D2 /* Sources */ = {
			isa = PBXSourcesBuildPhase;
			buildActionMask = 2147483647;
			files = (
				5FA154602B4D9B00007082D2 /* ViewController.swift in Sources */,
				5FA1545C2B4D9B00007082D2 /* AppDelegate.swift in Sources */,
				5FA1545E2B4D9B00007082D2 /* SceneDelegate.swift in Sources */,
			);
			runOnlyForDeploymentPostprocessing = 0;
		};
		5FA1546A2B4D9B02007082D2 /* Sources */ = {
			isa = PBXSourcesBuildPhase;
			buildActionMask = 2147483647;
			files = (
				5FA154732B4D9B02007082D2 /* traffic_seguesTests.swift in Sources */,
			);
			runOnlyForDeploymentPostprocessing = 0;
		};
		5FA154742B4D9B02007082D2 /* Sources */ = {
			isa = PBXSourcesBuildPhase;
			buildActionMask = 2147483647;
			files = (
				5FA1547F2B4D9B02007082D2 /* traffic_seguesUITestsLaunchTests.swift in Sources */,
				5FA1547D2B4D9B02007082D2 /* traffic_seguesUITests.swift in Sources */,
			);
			runOnlyForDeploymentPostprocessing = 0;
		};
/* End PBXSourcesBuildPhase section */

/* Begin PBXTargetDependency section */
		5FA154702B4D9B02007082D2 /* PBXTargetDependency */ = {
			isa = PBXTargetDependency;
			target = 5FA154572B4D9B00007082D2 /* traffic-segues */;
			targetProxy = 5FA1546F2B4D9B02007082D2 /* PBXContainerItemProxy */;
		};
		5FA1547A2B4D9B02007082D2 /* PBXTargetDependency */ = {
			isa = PBXTargetDependency;
			target = 5FA154572B4D9B00007082D2 /* traffic-segues */;
			targetProxy = 5FA154792B4D9B02007082D2 /* PBXContainerItemProxy */;
		};
/* End PBXTargetDependency section */

/* Begin PBXVariantGroup section */
		5FA154612B4D9B00007082D2 /* Main.storyboard */ = {
			isa = PBXVariantGroup;
			children = (
				5FA154622B4D9B00007082D2 /* Base */,
			);
			name = Main.storyboard;
			sourceTree = "<group>";
		};
		5FA154662B4D9B02007082D2 /* LaunchScreen.storyboard */ = {
			isa = PBXVariantGroup;
			children = (
				5FA154672B4D9B02007082D2 /* Base */,
			);
			name = LaunchScreen.storyboard;
			sourceTree = "<group>";
		};
/* End PBXVariantGroup section */

/* Begin XCBuildConfiguration section */
		5FA154802B4D9B02007082D2 /* Debug */ = {
			isa = XCBuildConfiguration;
			buildSettings = {
				ALWAYS_SEARCH_USER_PATHS = NO;
				CLANG_ANALYZER_NONNULL = YES;
				CLANG_ANALYZER_NUMBER_OBJECT_CONVERSION = YES_AGGRESSIVE;
				CLANG_CXX_LANGUAGE_STANDARD = "gnu++20";
				CLANG_ENABLE_MODULES = YES;
				CLANG_ENABLE_OBJC_ARC = YES;
				CLANG_ENABLE_OBJC_WEAK = YES;
				CLANG_WARN_BLOCK_CAPTURE_AUTORELEASING = YES;
				CLANG_WARN_BOOL_CONVERSION = YES;
				CLANG_WARN_COMMA = YES;
				CLANG_WARN_CONSTANT_CONVERSION = YES;
				CLANG_WARN_DEPRECATED_OBJC_IMPLEMENTATIONS = YES;
				CLANG_WARN_DIRECT_OBJC_ISA_USAGE = YES_ERROR;
				CLANG_WARN_DOCUMENTATION_COMMENTS = YES;
				CLANG_WARN_EMPTY_BODY = YES;
				CLANG_WARN_ENUM_CONVERSION = YES;
				CLANG_WARN_INFINITE_RECURSION = YES;
				CLANG_WARN_INT_CONVERSION = YES;
				CLANG_WARN_NON_LITERAL_NULL_CONVERSION = YES;
				CLANG_WARN_OBJC_IMPLICIT_RETAIN_SELF = YES;
				CLANG_WARN_OBJC_LITERAL_CONVERSION = YES;
				CLANG_WARN_OBJC_ROOT_CLASS = YES_ERROR;
				CLANG_WARN_QUOTED_INCLUDE_IN_FRAMEWORK_HEADER = YES;
				CLANG_WARN_RANGE_LOOP_ANALYSIS = YES;
				CLANG_WARN_STRICT_PROTOTYPES = YES;
				CLANG_WARN_SUSPICIOUS_MOVE = YES;
				CLANG_WARN_UNGUARDED_AVAILABILITY = YES_AGGRESSIVE;
				CLANG_WARN_UNREACHABLE_CODE = YES;
				CLANG_WARN__DUPLICATE_METHOD_MATCH = YES;
				COPY_PHASE_STRIP = NO;
				DEBUG_INFORMATION_FORMAT = dwarf;
				ENABLE_STRICT_OBJC_MSGSEND = YES;
				ENABLE_TESTABILITY = YES;
				GCC_C_LANGUAGE_STANDARD = gnu11;
				GCC_DYNAMIC_NO_PIC = NO;
				GCC_NO_COMMON_BLOCKS = YES;
				GCC_OPTIMIZATION_LEVEL = 0;
				GCC_PREPROCESSOR_DEFINITIONS = (
					"DEBUG=1",
					"$(inherited)",
				);
				GCC_WARN_64_TO_32_BIT_CONVERSION = YES;
				GCC_WARN_ABOUT_RETURN_TYPE = YES_ERROR;
				GCC_WARN_UNDECLARED_SELECTOR = YES;
				GCC_WARN_UNINITIALIZED_AUTOS = YES_AGGRESSIVE;
				GCC_WARN_UNUSED_FUNCTION = YES;
				GCC_WARN_UNUSED_VARIABLE = YES;
				IPHONEOS_DEPLOYMENT_TARGET = 16.4;
				MTL_ENABLE_DEBUG_INFO = INCLUDE_SOURCE;
				MTL_FAST_MATH = YES;
				ONLY_ACTIVE_ARCH = YES;
				SDKROOT = iphoneos;
				SWIFT_ACTIVE_COMPILATION_CONDITIONS = DEBUG;
				SWIFT_OPTIMIZATION_LEVEL = "-Onone";
			};
			name = Debug;
		};
		5FA154812B4D9B02007082D2 /* Release */ = {
			isa = XCBuildConfiguration;
			buildSettings = {
				ALWAYS_SEARCH_USER_PATHS = NO;
				CLANG_ANALYZER_NONNULL = YES;
				CLANG_ANALYZER_NUMBER_OBJECT_CONVERSION = YES_AGGRESSIVE;
				CLANG_CXX_LANGUAGE_STANDARD = "gnu++20";
				CLANG_ENABLE_MODULES = YES;
				CLANG_ENABLE_OBJC_ARC = YES;
				CLANG_ENABLE_OBJC_WEAK = YES;
				CLANG_WARN_BLOCK_CAPTURE_AUTORELEASING = YES;
				CLANG_WARN_BOOL_CONVERSION = YES;
				CLANG_WARN_COMMA = YES;
				CLANG_WARN_CONSTANT_CONVERSION = YES;
				CLANG_WARN_DEPRECATED_OBJC_IMPLEMENTATIONS = YES;
				CLANG_WARN_DIRECT_OBJC_ISA_USAGE = YES_ERROR;
				CLANG_WARN_DOCUMENTATION_COMMENTS = YES;
				CLANG_WARN_EMPTY_BODY = YES;
				CLANG_WARN_ENUM_CONVERSION = YES;
				CLANG_WARN_INFINITE_RECURSION = YES;
				CLANG_WARN_INT_CONVERSION = YES;
				CLANG_WARN_NON_LITERAL_NULL_CONVERSION = YES;
				CLANG_WARN_OBJC_IMPLICIT_RETAIN_SELF = YES;
				CLANG_WARN_OBJC_LITERAL_CONVERSION = YES;
				CLANG_WARN_OBJC_ROOT_CLASS = YES_ERROR;
				CLANG_WARN_QUOTED_INCLUDE_IN_FRAMEWORK_HEADER = YES;
				CLANG_WARN_RANGE_LOOP_ANALYSIS = YES;
				CLANG_WARN_STRICT_PROTOTYPES = YES;
				CLANG_WARN_SUSPICIOUS_MOVE = YES;
				CLANG_WARN_UNGUARDED_AVAILABILITY = YES_AGGRESSIVE;
				CLANG_WARN_UNREACHABLE_CODE = YES;
				CLANG_WARN__DUPLICATE_METHOD_MATCH = YES;
				COPY_PHASE_STRIP = NO;
				DEBUG_INFORMATION_FORMAT = "dwarf-with-dsym";
				ENABLE_NS_ASSERTIONS = NO;
				ENABLE_STRICT_OBJC_MSGSEND = YES;
				GCC_C_LANGUAGE_STANDARD = gnu11;
				GCC_NO_COMMON_BLOCKS = YES;
				GCC_WARN_64_TO_32_BIT_CONVERSION = YES;
				GCC_WARN_ABOUT_RETURN_TYPE = YES_ERROR;
				GCC_WARN_UNDECLARED_SELECTOR = YES;
				GCC_WARN_UNINITIALIZED_AUTOS = YES_AGGRESSIVE;
				GCC_WARN_UNUSED_FUNCTION = YES;
				GCC_WARN_UNUSED_VARIABLE = YES;
				IPHONEOS_DEPLOYMENT_TARGET = 16.4;
				MTL_ENABLE_DEBUG_INFO = NO;
				MTL_FAST_MATH = YES;
				SDKROOT = iphoneos;
				SWIFT_COMPILATION_MODE = wholemodule;
				SWIFT_OPTIMIZATION_LEVEL = "-O";
				VALIDATE_PRODUCT = YES;
			};
			name = Release;
		};
		5FA154832B4D9B02007082D2 /* Debug */ = {
			isa = XCBuildConfiguration;
			buildSettings = {
				ASSETCATALOG_COMPILER_APPICON_NAME = AppIcon;
				ASSETCATALOG_COMPILER_GLOBAL_ACCENT_COLOR_NAME = AccentColor;
				CODE_SIGN_STYLE = Automatic;
				CURRENT_PROJECT_VERSION = 1;
				GENERATE_INFOPLIST_FILE = YES;
				INFOPLIST_FILE = "traffic-segues/Info.plist";
				INFOPLIST_KEY_UIApplicationSupportsIndirectInputEvents = YES;
				INFOPLIST_KEY_UILaunchStoryboardName = LaunchScreen;
				INFOPLIST_KEY_UIMainStoryboardFile = Main;
				INFOPLIST_KEY_UISupportedInterfaceOrientations_iPad = "UIInterfaceOrientationPortrait UIInterfaceOrientationPortraitUpsideDown UIInterfaceOrientationLandscapeLeft UIInterfaceOrientationLandscapeRight";
				INFOPLIST_KEY_UISupportedInterfaceOrientations_iPhone = "UIInterfaceOrientationPortrait UIInterfaceOrientationLandscapeLeft UIInterfaceOrientationLandscapeRight";
				LD_RUNPATH_SEARCH_PATHS = (
					"$(inherited)",
					"@executable_path/Frameworks",
				);
				MARKETING_VERSION = 1.0;
				PRODUCT_BUNDLE_IDENTIFIER = "tadahiroueta.traffic-segues";
				PRODUCT_NAME = "$(TARGET_NAME)";
				SWIFT_EMIT_LOC_STRINGS = YES;
				SWIFT_VERSION = 5.0;
				TARGETED_DEVICE_FAMILY = "1,2";
			};
			name = Debug;
		};
		5FA154842B4D9B02007082D2 /* Release */ = {
			isa = XCBuildConfiguration;
			buildSettings = {
				ASSETCATALOG_COMPILER_APPICON_NAME = AppIcon;
				ASSETCATALOG_COMPILER_GLOBAL_ACCENT_COLOR_NAME = AccentColor;
				CODE_SIGN_STYLE = Automatic;
				CURRENT_PROJECT_VERSION = 1;
				GENERATE_INFOPLIST_FILE = YES;
				INFOPLIST_FILE = "traffic-segues/Info.plist";
				INFOPLIST_KEY_UIApplicationSupportsIndirectInputEvents = YES;
				INFOPLIST_KEY_UILaunchStoryboardName = LaunchScreen;
				INFOPLIST_KEY_UIMainStoryboardFile = Main;
				INFOPLIST_KEY_UISupportedInterfaceOrientations_iPad = "UIInterfaceOrientationPortrait UIInterfaceOrientationPortraitUpsideDown UIInterfaceOrientationLandscapeLeft UIInterfaceOrientationLandscapeRight";
				INFOPLIST_KEY_UISupportedInterfaceOrientations_iPhone = "UIInterfaceOrientationPortrait UIInterfaceOrientationLandscapeLeft UIInterfaceOrientationLandscapeRight";
				LD_RUNPATH_SEARCH_PATHS = (
					"$(inherited)",
					"@executable_path/Frameworks",
				);
				MARKETING_VERSION = 1.0;
				PRODUCT_BUNDLE_IDENTIFIER = "tadahiroueta.traffic-segues";
				PRODUCT_NAME = "$(TARGET_NAME)";
				SWIFT_EMIT_LOC_STRINGS = YES;
				SWIFT_VERSION = 5.0;
				TARGETED_DEVICE_FAMILY = "1,2";
			};
			name = Release;
		};
		5FA154862B4D9B02007082D2 /* Debug */ = {
			isa = XCBuildConfiguration;
			buildSettings = {
				ALWAYS_EMBED_SWIFT_STANDARD_LIBRARIES = YES;
				BUNDLE_LOADER = "$(TEST_HOST)";
				CODE_SIGN_STYLE = Automatic;
				CURRENT_PROJECT_VERSION = 1;
				GENERATE_INFOPLIST_FILE = YES;
				IPHONEOS_DEPLOYMENT_TARGET = 16.4;
				MARKETING_VERSION = 1.0;
				PRODUCT_BUNDLE_IDENTIFIER = "tadahiroueta.traffic-seguesTests";
				PRODUCT_NAME = "$(TARGET_NAME)";
				SWIFT_EMIT_LOC_STRINGS = NO;
				SWIFT_VERSION = 5.0;
				TARGETED_DEVICE_FAMILY = "1,2";
				TEST_HOST = "$(BUILT_PRODUCTS_DIR)/traffic-segues.app/$(BUNDLE_EXECUTABLE_FOLDER_PATH)/traffic-segues";
			};
			name = Debug;
		};
		5FA154872B4D9B02007082D2 /* Release */ = {
			isa = XCBuildConfiguration;
			buildSettings = {
				ALWAYS_EMBED_SWIFT_STANDARD_LIBRARIES = YES;
				BUNDLE_LOADER = "$(TEST_HOST)";
				CODE_SIGN_STYLE = Automatic;
				CURRENT_PROJECT_VERSION = 1;
				GENERATE_INFOPLIST_FILE = YES;
				IPHONEOS_DEPLOYMENT_TARGET = 16.4;
				MARKETING_VERSION = 1.0;
				PRODUCT_BUNDLE_IDENTIFIER = "tadahiroueta.traffic-seguesTests";
				PRODUCT_NAME = "$(TARGET_NAME)";
				SWIFT_EMIT_LOC_STRINGS = NO;
				SWIFT_VERSION = 5.0;
				TARGETED_DEVICE_FAMILY = "1,2";
				TEST_HOST = "$(BUILT_PRODUCTS_DIR)/traffic-segues.app/$(BUNDLE_EXECUTABLE_FOLDER_PATH)/traffic-segues";
			};
			name = Release;
		};
		5FA154892B4D9B02007082D2 /* Debug */ = {
			isa = XCBuildConfiguration;
			buildSettings = {
				ALWAYS_EMBED_SWIFT_STANDARD_LIBRARIES = YES;
				CODE_SIGN_STYLE = Automatic;
				CURRENT_PROJECT_VERSION = 1;
				GENERATE_INFOPLIST_FILE = YES;
				MARKETING_VERSION = 1.0;
				PRODUCT_BUNDLE_IDENTIFIER = "tadahiroueta.traffic-seguesUITests";
				PRODUCT_NAME = "$(TARGET_NAME)";
				SWIFT_EMIT_LOC_STRINGS = NO;
				SWIFT_VERSION = 5.0;
				TARGETED_DEVICE_FAMILY = "1,2";
				TEST_TARGET_NAME = "traffic-segues";
			};
			name = Debug;
		};
		5FA1548A2B4D9B02007082D2 /* Release */ = {
			isa = XCBuildConfiguration;
			buildSettings = {
				ALWAYS_EMBED_SWIFT_STANDARD_LIBRARIES = YES;
				CODE_SIGN_STYLE = Automatic;
				CURRENT_PROJECT_VERSION = 1;
				GENERATE_INFOPLIST_FILE = YES;
				MARKETING_VERSION = 1.0;
				PRODUCT_BUNDLE_IDENTIFIER = "tadahiroueta.traffic-seguesUITests";
				PRODUCT_NAME = "$(TARGET_NAME)";
				SWIFT_EMIT_LOC_STRINGS = NO;
				SWIFT_VERSION = 5.0;
				TARGETED_DEVICE_FAMILY = "1,2";
				TEST_TARGET_NAME = "traffic-segues";
			};
			name = Release;
		};
/* End XCBuildConfiguration section */

/* Begin XCConfigurationList section */
		5FA154532B4D9B00007082D2 /* Build configuration list for PBXProject "traffic-segues" */ = {
			isa = XCConfigurationList;
			buildConfigurations = (
				5FA154802B4D9B02007082D2 /* Debug */,
				5FA154812B4D9B02007082D2 /* Release */,
			);
			defaultConfigurationIsVisible = 0;
			defaultConfigurationName = Release;
		};
		5FA154822B4D9B02007082D2 /* Build configuration list for PBXNativeTarget "traffic-segues" */ = {
			isa = XCConfigurationList;
			buildConfigurations = (
				5FA154832B4D9B02007082D2 /* Debug */,
				5FA154842B4D9B02007082D2 /* Release */,
			);
			defaultConfigurationIsVisible = 0;
			defaultConfigurationName = Release;
		};
		5FA154852B4D9B02007082D2 /* Build configuration list for PBXNativeTarget "traffic-seguesTests" */ = {
			isa = XCConfigurationList;
			buildConfigurations = (
				5FA154862B4D9B02007082D2 /* Debug */,
				5FA154872B4D9B02007082D2 /* Release */,
			);
			defaultConfigurationIsVisible = 0;
			defaultConfigurationName = Release;
		};
		5FA154882B4D9B02007082D2 /* Build configuration list for PBXNativeTarget "traffic-seguesUITests" */ = {
			isa = XCConfigurationList;
			buildConfigurations = (
				5FA154892B4D9B02007082D2 /* Debug */,
				5FA1548A2B4D9B02007082D2 /* Release */,
			);
			defaultConfigurationIsVisible = 0;
			defaultConfigurationName = Release;
		};
/* End XCConfigurationList section */
	};
	rootObject = 5FA154502B4D9B00007082D2 /* Project object */;
}
